// !$*UTF8*$!
{
	archiveVersion = 1;
	classes = {
	};
	objectVersion = 56;
	objects = {

/* Begin PBXBuildFile section */
		5C67D12E2B03A4740097F128 /* AppDelegate.swift in Sources */ = {isa = PBXBuildFile; fileRef = 5C67D12D2B03A4740097F128 /* AppDelegate.swift */; };
		5C67D1302B03A4740097F128 /* SceneDelegate.swift in Sources */ = {isa = PBXBuildFile; fileRef = 5C67D12F2B03A4740097F128 /* SceneDelegate.swift */; };
		5C67D1322B03A4740097F128 /* ViewController.swift in Sources */ = {isa = PBXBuildFile; fileRef = 5C67D1312B03A4740097F128 /* ViewController.swift */; };
		5C67D1352B03A4740097F128 /* Main.storyboard in Resources */ = {isa = PBXBuildFile; fileRef = 5C67D1332B03A4740097F128 /* Main.storyboard */; };
		5C67D1372B03A4760097F128 /* Assets.xcassets in Resources */ = {isa = PBXBuildFile; fileRef = 5C67D1362B03A4760097F128 /* Assets.xcassets */; };
		5C67D13A2B03A4760097F128 /* LaunchScreen.storyboard in Resources */ = {isa = PBXBuildFile; fileRef = 5C67D1382B03A4760097F128 /* LaunchScreen.storyboard */; };
		60A532F3015AE9F89C38CF49 /* Pods_Online_Medical_Application.framework in Frameworks */ = {isa = PBXBuildFile; fileRef = B101364148B70D9FA04EDFD6 /* Pods_Online_Medical_Application.framework */; };
/* End PBXBuildFile section */

/* Begin PBXFileReference section */
		5C67D12A2B03A4740097F128 /* Online-Medical-Application.app */ = {isa = PBXFileReference; explicitFileType = wrapper.application; includeInIndex = 0; path = "Online-Medical-Application.app"; sourceTree = BUILT_PRODUCTS_DIR; };
		5C67D12D2B03A4740097F128 /* AppDelegate.swift */ = {isa = PBXFileReference; lastKnownFileType = sourcecode.swift; path = AppDelegate.swift; sourceTree = "<group>"; };
		5C67D12F2B03A4740097F128 /* SceneDelegate.swift */ = {isa = PBXFileReference; lastKnownFileType = sourcecode.swift; path = SceneDelegate.swift; sourceTree = "<group>"; };
		5C67D1312B03A4740097F128 /* ViewController.swift */ = {isa = PBXFileReference; lastKnownFileType = sourcecode.swift; path = ViewController.swift; sourceTree = "<group>"; };
		5C67D1342B03A4740097F128 /* Base */ = {isa = PBXFileReference; lastKnownFileType = file.storyboard; name = Base; path = Base.lproj/Main.storyboard; sourceTree = "<group>"; };
		5C67D1362B03A4760097F128 /* Assets.xcassets */ = {isa = PBXFileReference; lastKnownFileType = folder.assetcatalog; path = Assets.xcassets; sourceTree = "<group>"; };
		5C67D1392B03A4760097F128 /* Base */ = {isa = PBXFileReference; lastKnownFileType = file.storyboard; name = Base; path = Base.lproj/LaunchScreen.storyboard; sourceTree = "<group>"; };
		5C67D13B2B03A4760097F128 /* Info.plist */ = {isa = PBXFileReference; lastKnownFileType = text.plist.xml; path = Info.plist; sourceTree = "<group>"; };
		9356843BDBF6E3943D440C8F /* Pods-Online-Medical-Application.release.xcconfig */ = {isa = PBXFileReference; includeInIndex = 1; lastKnownFileType = text.xcconfig; name = "Pods-Online-Medical-Application.release.xcconfig"; path = "Target Support Files/Pods-Online-Medical-Application/Pods-Online-Medical-Application.release.xcconfig"; sourceTree = "<group>"; };
		B101364148B70D9FA04EDFD6 /* Pods_Online_Medical_Application.framework */ = {isa = PBXFileReference; explicitFileType = wrapper.framework; includeInIndex = 0; path = Pods_Online_Medical_Application.framework; sourceTree = BUILT_PRODUCTS_DIR; };
		DA2E3D01FFEA8546BD945C27 /* Pods-Online-Medical-Application.debug.xcconfig */ = {isa = PBXFileReference; includeInIndex = 1; lastKnownFileType = text.xcconfig; name = "Pods-Online-Medical-Application.debug.xcconfig"; path = "Target Support Files/Pods-Online-Medical-Application/Pods-Online-Medical-Application.debug.xcconfig"; sourceTree = "<group>"; };
/* End PBXFileReference section */

/* Begin PBXFrameworksBuildPhase section */
		5C67D1272B03A4740097F128 /* Frameworks */ = {
			isa = PBXFrameworksBuildPhase;
			buildActionMask = 2147483647;
			files = (
				60A532F3015AE9F89C38CF49 /* Pods_Online_Medical_Application.framework in Frameworks */,
			);
			runOnlyForDeploymentPostprocessing = 0;
		};
/* End PBXFrameworksBuildPhase section */

/* Begin PBXGroup section */
		32A31346EAD3F2D8D812EEF0 /* Frameworks */ = {
			isa = PBXGroup;
			children = (
				B101364148B70D9FA04EDFD6 /* Pods_Online_Medical_Application.framework */,
			);
			name = Frameworks;
			sourceTree = "<group>";
		};
		5C67D1212B03A4740097F128 = {
			isa = PBXGroup;
			children = (
				5C67D12C2B03A4740097F128 /* Online-Medical-Application */,
				5C67D12B2B03A4740097F128 /* Products */,
				87EEE3E258C3CFEFD9BD50B9 /* Pods */,
				32A31346EAD3F2D8D812EEF0 /* Frameworks */,
			);
			sourceTree = "<group>";
		};
		5C67D12B2B03A4740097F128 /* Products */ = {
			isa = PBXGroup;
			children = (
				5C67D12A2B03A4740097F128 /* Online-Medical-Application.app */,
			);
			name = Products;
			sourceTree = "<group>";
		};
		5C67D12C2B03A4740097F128 /* Online-Medical-Application */ = {
			isa = PBXGroup;
			children = (
				5C67D12D2B03A4740097F128 /* AppDelegate.swift */,
				5C67D12F2B03A4740097F128 /* SceneDelegate.swift */,
				5C67D1312B03A4740097F128 /* ViewController.swift */,
				5C67D1332B03A4740097F128 /* Main.storyboard */,
				5C67D1362B03A4760097F128 /* Assets.xcassets */,
				5C67D1382B03A4760097F128 /* LaunchScreen.storyboard */,
				5C67D13B2B03A4760097F128 /* Info.plist */,
			);
			path = "Online-Medical-Application";
			sourceTree = "<group>";
		};
		87EEE3E258C3CFEFD9BD50B9 /* Pods */ = {
			isa = PBXGroup;
			children = (
				DA2E3D01FFEA8546BD945C27 /* Pods-Online-Medical-Application.debug.xcconfig */,
				9356843BDBF6E3943D440C8F /* Pods-Online-Medical-Application.release.xcconfig */,
			);
			name = Pods;
			path = Pods;
			sourceTree = "<group>";
		};
/* End PBXGroup section */

/* Begin PBXNativeTarget section */
		5C67D1292B03A4740097F128 /* Online-Medical-Application */ = {
			isa = PBXNativeTarget;
			buildConfigurationList = 5C67D13E2B03A4760097F128 /* Build configuration list for PBXNativeTarget "Online-Medical-Application" */;
			buildPhases = (
				13AA29E472D749926175C483 /* [CP] Check Pods Manifest.lock */,
				5C67D1262B03A4740097F128 /* Sources */,
				5C67D1272B03A4740097F128 /* Frameworks */,
				5C67D1282B03A4740097F128 /* Resources */,
			);
			buildRules = (
			);
			dependencies = (
			);
			name = "Online-Medical-Application";
			productName = "Online-Medical-Application";
			productReference = 5C67D12A2B03A4740097F128 /* Online-Medical-Application.app */;
			productType = "com.apple.product-type.application";
		};
/* End PBXNativeTarget section */

/* Begin PBXProject section */
		5C67D1222B03A4740097F128 /* Project object */ = {
			isa = PBXProject;
			attributes = {
				BuildIndependentTargetsInParallel = 1;
				LastSwiftUpdateCheck = 1500;
				LastUpgradeCheck = 1500;
				TargetAttributes = {
					5C67D1292B03A4740097F128 = {
						CreatedOnToolsVersion = 15.0;
					};
				};
			};
			buildConfigurationList = 5C67D1252B03A4740097F128 /* Build configuration list for PBXProject "Online-Medical-Application" */;
			compatibilityVersion = "Xcode 14.0";
			developmentRegion = en;
			hasScannedForEncodings = 0;
			knownRegions = (
				en,
				Base,
			);
			mainGroup = 5C67D1212B03A4740097F128;
			productRefGroup = 5C67D12B2B03A4740097F128 /* Products */;
			projectDirPath = "";
			projectRoot = "";
			targets = (
				5C67D1292B03A4740097F128 /* Online-Medical-Application */,
			);
		};
/* End PBXProject section */

/* Begin PBXResourcesBuildPhase section */
		5C67D1282B03A4740097F128 /* Resources */ = {
			isa = PBXResourcesBuildPhase;
			buildActionMask = 2147483647;
			files = (
				5C67D13A2B03A4760097F128 /* LaunchScreen.storyboard in Resources */,
				5C67D1372B03A4760097F128 /* Assets.xcassets in Resources */,
				5C67D1352B03A4740097F128 /* Main.storyboard in Resources */,
			);
			runOnlyForDeploymentPostprocessing = 0;
		};
/* End PBXResourcesBuildPhase section */

/* Begin PBXShellScriptBuildPhase section */
		13AA29E472D749926175C483 /* [CP] Check Pods Manifest.lock */ = {
			isa = PBXShellScriptBuildPhase;
			buildActionMask = 2147483647;
			files = (
			);
			inputFileListPaths = (
			);
			inputPaths = (
				"${PODS_PODFILE_DIR_PATH}/Podfile.lock",
				"${PODS_ROOT}/Manifest.lock",
			);
			name = "[CP] Check Pods Manifest.lock";
			outputFileListPaths = (
			);
			outputPaths = (
				"$(DERIVED_FILE_DIR)/Pods-Online-Medical-Application-checkManifestLockResult.txt",
			);
			runOnlyForDeploymentPostprocessing = 0;
			shellPath = /bin/sh;
			shellScript = "diff \"${PODS_PODFILE_DIR_PATH}/Podfile.lock\" \"${PODS_ROOT}/Manifest.lock\" > /dev/null\nif [ $? != 0 ] ; then\n    # print error to STDERR\n    echo \"error: The sandbox is not in sync with the Podfile.lock. Run 'pod install' or update your CocoaPods installation.\" >&2\n    exit 1\nfi\n# This output is used by Xcode 'outputs' to avoid re-running this script phase.\necho \"SUCCESS\" > \"${SCRIPT_OUTPUT_FILE_0}\"\n";
			showEnvVarsInLog = 0;
		};
/* End PBXShellScriptBuildPhase section */

/* Begin PBXSourcesBuildPhase section */
		5C67D1262B03A4740097F128 /* Sources */ = {
			isa = PBXSourcesBuildPhase;
			buildActionMask = 2147483647;
			files = (
				5C67D1322B03A4740097F128 /* ViewController.swift in Sources */,
				5C67D12E2B03A4740097F128 /* AppDelegate.swift in Sources */,
				5C67D1302B03A4740097F128 /* SceneDelegate.swift in Sources */,
			);
			runOnlyForDeploymentPostprocessing = 0;
		};
/* End PBXSourcesBuildPhase section */

/* Begin PBXVariantGroup section */
		5C67D1332B03A4740097F128 /* Main.storyboard */ = {
			isa = PBXVariantGroup;
			children = (
				5C67D1342B03A4740097F128 /* Base */,
			);
			name = Main.storyboard;
			sourceTree = "<group>";
		};
		5C67D1382B03A4760097F128 /* LaunchScreen.storyboard */ = {
			isa = PBXVariantGroup;
			children = (
				5C67D1392B03A4760097F128 /* Base */,
			);
			name = LaunchScreen.storyboard;
			sourceTree = "<group>";
		};
/* End PBXVariantGroup section */

/* Begin XCBuildConfiguration section */
		5C67D13C2B03A4760097F128 /* Debug */ = {
			isa = XCBuildConfiguration;
			buildSettings = {
				ALWAYS_SEARCH_USER_PATHS = NO;
				ASSETCATALOG_COMPILER_GENERATE_SWIFT_ASSET_SYMBOL_EXTENSIONS = YES;
				CLANG_ANALYZER_NONNULL = YES;
				CLANG_ANALYZER_NUMBER_OBJECT_CONVERSION = YES_AGGRESSIVE;
				CLANG_CXX_LANGUAGE_STANDARD = "gnu++20";
				CLANG_ENABLE_MODULES = YES;
				CLANG_ENABLE_OBJC_ARC = YES;
				CLANG_ENABLE_OBJC_WEAK = YES;
				CLANG_WARN_BLOCK_CAPTURE_AUTORELEASING = YES;
				CLANG_WARN_BOOL_CONVERSION = YES;
				CLANG_WARN_COMMA = YES;
				CLANG_WARN_CONSTANT_CONVERSION = YES;
				CLANG_WARN_DEPRECATED_OBJC_IMPLEMENTATIONS = YES;
				CLANG_WARN_DIRECT_OBJC_ISA_USAGE = YES_ERROR;
				CLANG_WARN_DOCUMENTATION_COMMENTS = YES;
				CLANG_WARN_EMPTY_BODY = YES;
				CLANG_WARN_ENUM_CONVERSION = YES;
				CLANG_WARN_INFINITE_RECURSION = YES;
				CLANG_WARN_INT_CONVERSION = YES;
				CLANG_WARN_NON_LITERAL_NULL_CONVERSION = YES;
				CLANG_WARN_OBJC_IMPLICIT_RETAIN_SELF = YES;
				CLANG_WARN_OBJC_LITERAL_CONVERSION = YES;
				CLANG_WARN_OBJC_ROOT_CLASS = YES_ERROR;
				CLANG_WARN_QUOTED_INCLUDE_IN_FRAMEWORK_HEADER = YES;
				CLANG_WARN_RANGE_LOOP_ANALYSIS = YES;
				CLANG_WARN_STRICT_PROTOTYPES = YES;
				CLANG_WARN_SUSPICIOUS_MOVE = YES;
				CLANG_WARN_UNGUARDED_AVAILABILITY = YES_AGGRESSIVE;
				CLANG_WARN_UNREACHABLE_CODE = YES;
				CLANG_WARN__DUPLICATE_METHOD_MATCH = YES;
				COPY_PHASE_STRIP = NO;
				DEBUG_INFORMATION_FORMAT = dwarf;
				ENABLE_STRICT_OBJC_MSGSEND = YES;
				ENABLE_TESTABILITY = YES;
				ENABLE_USER_SCRIPT_SANDBOXING = YES;
				GCC_C_LANGUAGE_STANDARD = gnu17;
				GCC_DYNAMIC_NO_PIC = NO;
				GCC_NO_COMMON_BLOCKS = YES;
				GCC_OPTIMIZATION_LEVEL = 0;
				GCC_PREPROCESSOR_DEFINITIONS = (
					"DEBUG=1",
					"$(inherited)",
				);
				GCC_WARN_64_TO_32_BIT_CONVERSION = YES;
				GCC_WARN_ABOUT_RETURN_TYPE = YES_ERROR;
				GCC_WARN_UNDECLARED_SELECTOR = YES;
				GCC_WARN_UNINITIALIZED_AUTOS = YES_AGGRESSIVE;
				GCC_WARN_UNUSED_FUNCTION = YES;
				GCC_WARN_UNUSED_VARIABLE = YES;
				IPHONEOS_DEPLOYMENT_TARGET = 17.0;
				LOCALIZATION_PREFERS_STRING_CATALOGS = YES;
				MTL_ENABLE_DEBUG_INFO = INCLUDE_SOURCE;
				MTL_FAST_MATH = YES;
				ONLY_ACTIVE_ARCH = YES;
				SDKROOT = iphoneos;
				SWIFT_ACTIVE_COMPILATION_CONDITIONS = "DEBUG $(inherited)";
				SWIFT_OPTIMIZATION_LEVEL = "-Onone";
			};
			name = Debug;
		};
		5C67D13D2B03A4760097F128 /* Release */ = {
			isa = XCBuildConfiguration;
			buildSettings = {
				ALWAYS_SEARCH_USER_PATHS = NO;
				ASSETCATALOG_COMPILER_GENERATE_SWIFT_ASSET_SYMBOL_EXTENSIONS = YES;
				CLANG_ANALYZER_NONNULL = YES;
				CLANG_ANALYZER_NUMBER_OBJECT_CONVERSION = YES_AGGRESSIVE;
				CLANG_CXX_LANGUAGE_STANDARD = "gnu++20";
				CLANG_ENABLE_MODULES = YES;
				CLANG_ENABLE_OBJC_ARC = YES;
				CLANG_ENABLE_OBJC_WEAK = YES;
				CLANG_WARN_BLOCK_CAPTURE_AUTORELEASING = YES;
				CLANG_WARN_BOOL_CONVERSION = YES;
				CLANG_WARN_COMMA = YES;
				CLANG_WARN_CONSTANT_CONVERSION = YES;
				CLANG_WARN_DEPRECATED_OBJC_IMPLEMENTATIONS = YES;
				CLANG_WARN_DIRECT_OBJC_ISA_USAGE = YES_ERROR;
				CLANG_WARN_DOCUMENTATION_COMMENTS = YES;
				CLANG_WARN_EMPTY_BODY = YES;
				CLANG_WARN_ENUM_CONVERSION = YES;
				CLANG_WARN_INFINITE_RECURSION = YES;
				CLANG_WARN_INT_CONVERSION = YES;
				CLANG_WARN_NON_LITERAL_NULL_CONVERSION = YES;
				CLANG_WARN_OBJC_IMPLICIT_RETAIN_SELF = YES;
				CLANG_WARN_OBJC_LITERAL_CONVERSION = YES;
				CLANG_WARN_OBJC_ROOT_CLASS = YES_ERROR;
				CLANG_WARN_QUOTED_INCLUDE_IN_FRAMEWORK_HEADER = YES;
				CLANG_WARN_RANGE_LOOP_ANALYSIS = YES;
				CLANG_WARN_STRICT_PROTOTYPES = YES;
				CLANG_WARN_SUSPICIOUS_MOVE = YES;
				CLANG_WARN_UNGUARDED_AVAILABILITY = YES_AGGRESSIVE;
				CLANG_WARN_UNREACHABLE_CODE = YES;
				CLANG_WARN__DUPLICATE_METHOD_MATCH = YES;
				COPY_PHASE_STRIP = NO;
				DEBUG_INFORMATION_FORMAT = "dwarf-with-dsym";
				ENABLE_NS_ASSERTIONS = NO;
				ENABLE_STRICT_OBJC_MSGSEND = YES;
				ENABLE_USER_SCRIPT_SANDBOXING = YES;
				GCC_C_LANGUAGE_STANDARD = gnu17;
				GCC_NO_COMMON_BLOCKS = YES;
				GCC_WARN_64_TO_32_BIT_CONVERSION = YES;
				GCC_WARN_ABOUT_RETURN_TYPE = YES_ERROR;
				GCC_WARN_UNDECLARED_SELECTOR = YES;
				GCC_WARN_UNINITIALIZED_AUTOS = YES_AGGRESSIVE;
				GCC_WARN_UNUSED_FUNCTION = YES;
				GCC_WARN_UNUSED_VARIABLE = YES;
				IPHONEOS_DEPLOYMENT_TARGET = 17.0;
				LOCALIZATION_PREFERS_STRING_CATALOGS = YES;
				MTL_ENABLE_DEBUG_INFO = NO;
				MTL_FAST_MATH = YES;
				SDKROOT = iphoneos;
				SWIFT_COMPILATION_MODE = wholemodule;
				VALIDATE_PRODUCT = YES;
			};
			name = Release;
		};
		5C67D13F2B03A4760097F128 /* Debug */ = {
			isa = XCBuildConfiguration;
			baseConfigurationReference = DA2E3D01FFEA8546BD945C27 /* Pods-Online-Medical-Application.debug.xcconfig */;
			buildSettings = {
				ASSETCATALOG_COMPILER_APPICON_NAME = AppIcon;
				ASSETCATALOG_COMPILER_GLOBAL_ACCENT_COLOR_NAME = AccentColor;
				CODE_SIGN_STYLE = Automatic;
				CURRENT_PROJECT_VERSION = 1;
				DEVELOPMENT_TEAM = 52727RY679;
				GENERATE_INFOPLIST_FILE = YES;
				INFOPLIST_FILE = "Online-Medical-Application/Info.plist";
				INFOPLIST_KEY_UIApplicationSupportsIndirectInputEvents = YES;
				INFOPLIST_KEY_UILaunchStoryboardName = LaunchScreen;
				INFOPLIST_KEY_UIMainStoryboardFile = Main;
				INFOPLIST_KEY_UISupportedInterfaceOrientations_iPad = "UIInterfaceOrientationPortrait UIInterfaceOrientationPortraitUpsideDown UIInterfaceOrientationLandscapeLeft UIInterfaceOrientationLandscapeRight";
				INFOPLIST_KEY_UISupportedInterfaceOrientations_iPhone = "UIInterfaceOrientationPortrait UIInterfaceOrientationLandscapeLeft UIInterfaceOrientationLandscapeRight";
				LD_RUNPATH_SEARCH_PATHS = (
					"$(inherited)",
					"@executable_path/Frameworks",
				);
				MARKETING_VERSION = 1.0;
				PRODUCT_BUNDLE_IDENTIFIER = "com.nur.Online-Medical-Application";
				PRODUCT_NAME = "$(TARGET_NAME)";
				SWIFT_EMIT_LOC_STRINGS = YES;
				SWIFT_VERSION = 5.0;
				TARGETED_DEVICE_FAMILY = "1,2";
			};
			name = Debug;
		};
		5C67D1402B03A4760097F128 /* Release */ = {
			isa = XCBuildConfiguration;
			baseConfigurationReference = 9356843BDBF6E3943D440C8F /* Pods-Online-Medical-Application.release.xcconfig */;
			buildSettings = {
				ASSETCATALOG_COMPILER_APPICON_NAME = AppIcon;
				ASSETCATALOG_COMPILER_GLOBAL_ACCENT_COLOR_NAME = AccentColor;
				CODE_SIGN_STYLE = Automatic;
				CURRENT_PROJECT_VERSION = 1;
				DEVELOPMENT_TEAM = 52727RY679;
				GENERATE_INFOPLIST_FILE = YES;
				INFOPLIST_FILE = "Online-Medical-Application/Info.plist";
				INFOPLIST_KEY_UIApplicationSupportsIndirectInputEvents = YES;
				INFOPLIST_KEY_UILaunchStoryboardName = LaunchScreen;
				INFOPLIST_KEY_UIMainStoryboardFile = Main;
				INFOPLIST_KEY_UISupportedInterfaceOrientations_iPad = "UIInterfaceOrientationPortrait UIInterfaceOrientationPortraitUpsideDown UIInterfaceOrientationLandscapeLeft UIInterfaceOrientationLandscapeRight";
				INFOPLIST_KEY_UISupportedInterfaceOrientations_iPhone = "UIInterfaceOrientationPortrait UIInterfaceOrientationLandscapeLeft UIInterfaceOrientationLandscapeRight";
				LD_RUNPATH_SEARCH_PATHS = (
					"$(inherited)",
					"@executable_path/Frameworks",
				);
				MARKETING_VERSION = 1.0;
				PRODUCT_BUNDLE_IDENTIFIER = "com.nur.Online-Medical-Application";
				PRODUCT_NAME = "$(TARGET_NAME)";
				SWIFT_EMIT_LOC_STRINGS = YES;
				SWIFT_VERSION = 5.0;
				TARGETED_DEVICE_FAMILY = "1,2";
			};
			name = Release;
		};
/* End XCBuildConfiguration section */

/* Begin XCConfigurationList section */
		5C67D1252B03A4740097F128 /* Build configuration list for PBXProject "Online-Medical-Application" */ = {
			isa = XCConfigurationList;
			buildConfigurations = (
				5C67D13C2B03A4760097F128 /* Debug */,
				5C67D13D2B03A4760097F128 /* Release */,
			);
			defaultConfigurationIsVisible = 0;
			defaultConfigurationName = Release;
		};
		5C67D13E2B03A4760097F128 /* Build configuration list for PBXNativeTarget "Online-Medical-Application" */ = {
			isa = XCConfigurationList;
			buildConfigurations = (
				5C67D13F2B03A4760097F128 /* Debug */,
				5C67D1402B03A4760097F128 /* Release */,
			);
			defaultConfigurationIsVisible = 0;
			defaultConfigurationName = Release;
		};
/* End XCConfigurationList section */
	};
	rootObject = 5C67D1222B03A4740097F128 /* Project object */;
}
